
Microsoft Visual Studio Solution File, Format Version 11.00
# Visual Studio 2010
Project("{FAE04EC0-301F-11D3-BF4B-00C04F79EFBC}") = "Assembly-CSharp", "Assembly-CSharp.csproj", "{AB3FC72C-4D65-7611-55A6-9B2EC5A3DB24}"
EndProject
Project("{FAE04EC0-301F-11D3-BF4B-00C04F79EFBC}") = "Assembly-CSharp-Editor", "Assembly-CSharp-Editor.csproj", "{69713265-790D-7C16-5AAD-A0A93B2523B3}"
EndProject
Global
	GlobalSection(SolutionConfigurationPlatforms) = preSolution
		Debug|Any CPU = Debug|Any CPU
		Release|Any CPU = Release|Any CPU
	EndGlobalSection
	GlobalSection(ProjectConfigurationPlatforms) = postSolution
		{AB3FC72C-4D65-7611-55A6-9B2EC5A3DB24}.Debug|Any CPU.ActiveCfg = Debug|Any CPU
		{AB3FC72C-4D65-7611-55A6-9B2EC5A3DB24}.Debug|Any CPU.Build.0 = Debug|Any CPU
		{AB3FC72C-4D65-7611-55A6-9B2EC5A3DB24}.Release|Any CPU.ActiveCfg = Release|Any CPU
		{AB3FC72C-4D65-7611-55A6-9B2EC5A3DB24}.Release|Any CPU.Build.0 = Release|Any CPU
		{69713265-790D-7C16-5AAD-A0A93B2523B3}.Debug|Any CPU.ActiveCfg = Debug|Any CPU
		{69713265-790D-7C16-5AAD-A0A93B2523B3}.Debug|Any CPU.Build.0 = Debug|Any CPU
		{69713265-790D-7C16-5AAD-A0A93B2523B3}.Release|Any CPU.ActiveCfg = Release|Any CPU
		{69713265-790D-7C16-5AAD-A0A93B2523B3}.Release|Any CPU.Build.0 = Release|Any CPU
	EndGlobalSection
	GlobalSection(SolutionProperties) = preSolution
		HideSolutionNode = FALSE
	EndGlobalSection
	GlobalSection(MonoDevelopProperties) = preSolution
		StartupItem = Assembly-CSharp.csproj
	EndGlobalSection
EndGlobal
